{
  "name": "data-store",
  "version": "1.0.0",
  "lockfileVersion": 1,
  "requires": true,
  "dependencies": {
    "chance": {
      "version": "1.0.13",
      "resolved": "https://registry.npmjs.org/chance/-/chance-1.0.13.tgz",
      "integrity": "sha512-9cpcgmAIQiXC0eMgQuMZgXuHR2Y+gKUyGQnalqSAg5LlUJyJFsZeKyuHVSGhj+bx18ppH+Jo3VOayNeXR/7p9Q=="
    },
    "deep-extend": {
      "version": "0.4.2",
      "resolved": "https://registry.npmjs.org/deep-extend/-/deep-extend-0.4.2.tgz",
      "integrity": "sha1-SLaZwn4zS/ifEIkr5DL25MfTSn8="
    },
    "deref": {
      "version": "0.6.4",
      "resolved": "https://registry.npmjs.org/deref/-/deref-0.6.4.tgz",
      "integrity": "sha1-vVqW1F2+0wEbuBvfaN31S+jhvU4=",
      "requires": {
        "deep-extend": "0.4.2"
      }
    },
    "discontinuous-range": {
      "version": "github:fent/discontinuous-range#a4c2462c6ee92c6f995e89c6b020a2eeec4183e6"
    },
    "faker": {
      "version": "3.1.0",
      "resolved": "https://registry.npmjs.org/faker/-/faker-3.1.0.tgz",
      "integrity": "sha1-D5CPr05uwCUk5UpX5DLFwBPgjJ8="
    },
    "graceful-fs": {
      "version": "4.1.11",
      "resolved": "https://registry.npmjs.org/graceful-fs/-/graceful-fs-4.1.11.tgz",
      "integrity": "sha1-Dovf5NHduIVNZOBOp8AOKgJuVlg=",
      "optional": true
    },
    "json-schema-faker": {
      "version": "0.3.7",
      "resolved": "https://registry.npmjs.org/json-schema-faker/-/json-schema-faker-0.3.7.tgz",
      "integrity": "sha1-jzrApodbmNLBO1lQZJ2QP+y5jkE=",
      "requires": {
        "chance": "1.0.13",
        "deref": "0.6.4",
        "faker": "3.1.0",
        "randexp": "0.4.6"
      }
    },
    "json-schema-faker-cli": {
      "version": "2.0.0",
      "resolved": "https://registry.npmjs.org/json-schema-faker-cli/-/json-schema-faker-cli-2.0.0.tgz",
      "integrity": "sha1-bqHIDIf3Mj6nwyB3M/LHvcUQgVQ=",
      "requires": {
        "json-schema-faker": "0.3.7",
        "jsonfile": "2.4.0",
        "lodash": "4.17.5"
      }
    },
    "jsonfile": {
      "version": "2.4.0",
      "resolved": "https://registry.npmjs.org/jsonfile/-/jsonfile-2.4.0.tgz",
      "integrity": "sha1-NzaitCi4e72gzIO1P6PWM6NcKug=",
      "requires": {
        "graceful-fs": "4.1.11"
      }
    },
    "lodash": {
      "version": "4.17.5",
      "resolved": "https://registry.npmjs.org/lodash/-/lodash-4.17.5.tgz",
      "integrity": "sha512-svL3uiZf1RwhH+cWrfZn3A4+U58wbP0tGVTLQPbjplZxZ8ROD9VLuNgsRniTlLe7OlSqR79RUehXgpBW/s0IQw=="
    },
    "randexp": {
      "version": "0.4.6",
      "resolved": "https://registry.npmjs.org/randexp/-/randexp-0.4.6.tgz",
      "integrity": "sha512-80WNmd9DA0tmZrw9qQa62GPPWfuXJknrmVmLcxvq4uZBdYqb1wYoKTmnlGUchvVWe0XiLupYkBoXVOxz3C8DYQ==",
      "requires": {
        "discontinuous-range": "github:fent/discontinuous-range#a4c2462c6ee92c6f995e89c6b020a2eeec4183e6",
        "ret": "0.1.15"
      }
    },
    "ret": {
      "version": "0.1.15",
      "resolved": "https://registry.npmjs.org/ret/-/ret-0.1.15.tgz",
      "integrity": "sha512-TTlYpa+OL+vMMNG24xSlQGEJ3B/RzEfUlLct7b5G/ytav+wPrplCpVMFuwzXbkecJrb6IYo1iFb0S9v37754mg=="
    }
  }
}
